<?xml version="1.0" encoding="UTF-8" standalone="yes" ?>
<CodeBlocks_project_file>
	<FileVersion major="1" minor="6" />
	<Project>
		<Option title="cusbpanicbutton" />
		<Option pch_mode="2" />
		<Option compiler="gcc" />
		<Build>
			<Target title="Debug">
				<Option output="bin/Debug/cusbpanicbutton" prefix_auto="1" extension_auto="1" />
				<Option object_output="obj/Debug/" />
				<Option external_deps="../iniparser/libiniparser.a;" />
				<Option type="1" />
				<Option compiler="gcc" />
				<Compiler>
					<Add option="-g" />
					<Add option="-O2 -fPIC -Wall -ansi -pedantic" />
				</Compiler>
				<Linker>
					<Add library="usb" />
					<Add library="../iniparser/libiniparser.a" />
				</Linker>
			</Target>
			<Target title="Release">
				<Option output="bin/Release/cusbpanicbutton" prefix_auto="1" extension_auto="1" />
				<Option object_output="obj/Release/" />
				<Option type="1" />
				<Option compiler="gcc" />
				<Compiler>
					<Add option="-O2" />
				</Compiler>
				<Linker>
					<Add option="-s" />
				</Linker>
			</Target>
		</Build>
		<Compiler>
			<Add option="-Wall" />
		</Compiler>
		<Unit filename="../parameters.cpp" />
		<Unit filename="../parameters.hpp" />
		<Unit filename="../usbdriver.cpp" />
		<Unit filename="../usbdriver.hpp" />
		<Unit filename="../usbpanic.cpp" />
		<Extensions>
			<code_completion />
			<debugger />
		</Extensions>
	</Project>
</CodeBlocks_project_file>
